
Microsoft Visual Studio Solution File, Format Version 12.00
# Visual Studio 14
VisualStudioVersion = 14.0.24720.0
MinimumVisualStudioVersion = 10.0.40219.1
Project("{FAE04EC0-301F-11D3-BF4B-00C04F79EFBC}") = "Server", "Server\Server.csproj", "{79B51452-1192-4BB7-9A75-F31CAD8395CD}"
EndProject
Project("{FAE04EC0-301F-11D3-BF4B-00C04F79EFBC}") = "Client", "Client\Client.csproj", "{67106BEC-F43E-4D8E-B576-F8DB7D7F1CE6}"
EndProject
Global
	GlobalSection(SolutionConfigurationPlatforms) = preSolution
		Debug|Any CPU = Debug|Any CPU
		Release|Any CPU = Release|Any CPU
	EndGlobalSection
	GlobalSection(ProjectConfigurationPlatforms) = postSolution
		{79B51452-1192-4BB7-9A75-F31CAD8395CD}.Debug|Any CPU.ActiveCfg = Debug|Any CPU
		{79B51452-1192-4BB7-9A75-F31CAD8395CD}.Debug|Any CPU.Build.0 = Debug|Any CPU
		{79B51452-1192-4BB7-9A75-F31CAD8395CD}.Release|Any CPU.ActiveCfg = Release|Any CPU
		{79B51452-1192-4BB7-9A75-F31CAD8395CD}.Release|Any CPU.Build.0 = Release|Any CPU
		{67106BEC-F43E-4D8E-B576-F8DB7D7F1CE6}.Debug|Any CPU.ActiveCfg = Debug|Any CPU
		{67106BEC-F43E-4D8E-B576-F8DB7D7F1CE6}.Debug|Any CPU.Build.0 = Debug|Any CPU
		{67106BEC-F43E-4D8E-B576-F8DB7D7F1CE6}.Release|Any CPU.ActiveCfg = Release|Any CPU
		{67106BEC-F43E-4D8E-B576-F8DB7D7F1CE6}.Release|Any CPU.Build.0 = Release|Any CPU
	EndGlobalSection
	GlobalSection(SolutionProperties) = preSolution
		HideSolutionNode = FALSE
	EndGlobalSection
EndGlobal
